
Microsoft Visual Studio Solution File, Format Version 12.00
# Visual Studio 15
VisualStudioVersion = 15.0.27130.2036
MinimumVisualStudioVersion = 10.0.40219.1
Project("{FAE04EC0-301F-11D3-BF4B-00C04F79EFBC}") = "SocialNetworking", "SocialNetworking\SocialNetworking.csproj", "{1D82C07C-2537-48FA-A829-AC01824AB866}"
EndProject
Project("{FAE04EC0-301F-11D3-BF4B-00C04F79EFBC}") = "SocialNetworkingLibrary", "..\SocialNetworkingLibrary\SocialNetworkingLibrary.csproj", "{3BD50CD8-78F5-4535-9A4E-EF76845FB18F}"
EndProject
Project("{FAE04EC0-301F-11D3-BF4B-00C04F79EFBC}") = "Testing", "..\Testing\Testing.csproj", "{027220EC-D24C-4ECF-B531-F74E35630719}"
EndProject
Global
	GlobalSection(SolutionConfigurationPlatforms) = preSolution
		Debug|Any CPU = Debug|Any CPU
		Release|Any CPU = Release|Any CPU
	EndGlobalSection
	GlobalSection(ProjectConfigurationPlatforms) = postSolution
		{1D82C07C-2537-48FA-A829-AC01824AB866}.Debug|Any CPU.ActiveCfg = Debug|Any CPU
		{1D82C07C-2537-48FA-A829-AC01824AB866}.Debug|Any CPU.Build.0 = Debug|Any CPU
		{1D82C07C-2537-48FA-A829-AC01824AB866}.Release|Any CPU.ActiveCfg = Release|Any CPU
		{1D82C07C-2537-48FA-A829-AC01824AB866}.Release|Any CPU.Build.0 = Release|Any CPU
		{3BD50CD8-78F5-4535-9A4E-EF76845FB18F}.Debug|Any CPU.ActiveCfg = Debug|Any CPU
		{3BD50CD8-78F5-4535-9A4E-EF76845FB18F}.Debug|Any CPU.Build.0 = Debug|Any CPU
		{3BD50CD8-78F5-4535-9A4E-EF76845FB18F}.Release|Any CPU.ActiveCfg = Release|Any CPU
		{3BD50CD8-78F5-4535-9A4E-EF76845FB18F}.Release|Any CPU.Build.0 = Release|Any CPU
		{027220EC-D24C-4ECF-B531-F74E35630719}.Debug|Any CPU.ActiveCfg = Debug|Any CPU
		{027220EC-D24C-4ECF-B531-F74E35630719}.Debug|Any CPU.Build.0 = Debug|Any CPU
		{027220EC-D24C-4ECF-B531-F74E35630719}.Release|Any CPU.ActiveCfg = Release|Any CPU
		{027220EC-D24C-4ECF-B531-F74E35630719}.Release|Any CPU.Build.0 = Release|Any CPU
	EndGlobalSection
	GlobalSection(SolutionProperties) = preSolution
		HideSolutionNode = FALSE
	EndGlobalSection
	GlobalSection(ExtensibilityGlobals) = postSolution
		SolutionGuid = {D8493172-2560-4354-817B-213FBD52E2D1}
	EndGlobalSection
EndGlobal
